
Microsoft Visual Studio Solution File, Format Version 12.00
Project("{FAE04EC0-301F-11D3-BF4B-00C04F79EFBC}") = "EnvantoryManagement", "EnvantoryManagement.csproj", "{F4914999-6BE0-432B-B0B2-85DF6F4436EA}"
EndProject
Global
	GlobalSection(SolutionConfigurationPlatforms) = preSolution
		Debug|Any CPU = Debug|Any CPU
		Release|Any CPU = Release|Any CPU
	EndGlobalSection
	GlobalSection(ProjectConfigurationPlatforms) = postSolution
		{F4914999-6BE0-432B-B0B2-85DF6F4436EA}.Debug|Any CPU.ActiveCfg = Debug|Any CPU
		{F4914999-6BE0-432B-B0B2-85DF6F4436EA}.Debug|Any CPU.Build.0 = Debug|Any CPU
		{F4914999-6BE0-432B-B0B2-85DF6F4436EA}.Release|Any CPU.ActiveCfg = Release|Any CPU
		{F4914999-6BE0-432B-B0B2-85DF6F4436EA}.Release|Any CPU.Build.0 = Release|Any CPU
	EndGlobalSection
EndGlobal
